<?xml version="1.0" encoding="utf-8"?>
<Project ToolsVersion="4.0" xmlns="http://schemas.microsoft.com/developer/msbuild/2003">
  <ItemGroup>
    <Filter Include="Resource Files">
      <UniqueIdentifier>{67DA6AB6-F800-4c08-8B7A-83BB121AAD01}</UniqueIdentifier>
      <Extensions>rc;ico;cur;bmp;dlg;rc2;rct;bin;rgs;gif;jpg;jpeg;jpe;resx;tiff;tif;png;wav;mfcribbon-ms</Extensions>
    </Filter>
    <Filter Include="Utilities">
      <UniqueIdentifier>{5f5eb8d6-7ace-4da4-9c09-4c0421c6d88e}</UniqueIdentifier>
    </Filter>
    <Filter Include="Threading">
      <UniqueIdentifier>{6e93feed-a08b-471a-870c-bc433d3c1b4d}</UniqueIdentifier>
    </Filter>
    <Filter Include="Logging">
      <UniqueIdentifier>{0267d83e-83de-4015-82c3-053aae4c0283}</UniqueIdentifier>
    </Filter>
    <Filter Include="Events">
      <UniqueIdentifier>{89bbabae-27da-4d3e-9aea-f01a3bf07905}</UniqueIdentifier>
    </Filter>
    <Filter Include="Audio">
      <UniqueIdentifier>{23d17a82-7972-4a3a-9996-4ab375ac7127}</UniqueIdentifier>
    </Filter>
    <Filter Include="Core">
      <UniqueIdentifier>{1471750e-b525-434b-8cb0-2a8b5be3e67d}</UniqueIdentifier>
    </Filter>
    <Filter Include="Math">
      <UniqueIdentifier>{e4e598df-2661-44af-a313-3e9c0822b7c7}</UniqueIdentifier>
    </Filter>
    <Filter Include="Graphics">
      <UniqueIdentifier>{3f774ea0-48a4-4afe-9e05-31075aa3a5f6}</UniqueIdentifier>
    </Filter>
    <Filter Include="Input">
      <UniqueIdentifier>{c1fcb557-832b-4fe5-aa19-2d97c55617eb}</UniqueIdentifier>
    </Filter>
    <Filter Include="Rendering">
      <UniqueIdentifier>{90f3ecb1-e0b1-41fc-8574-0f3d8d799d4f}</UniqueIdentifier>
    </Filter>
    <Filter Include="Shaders">
      <UniqueIdentifier>{0a9b30a0-b2ef-4b72-b960-2c527af5b0d3}</UniqueIdentifier>
    </Filter>
    <Filter Include="Shaders\Util">
      <UniqueIdentifier>{c723d4b3-ef36-4592-8907-e8ea4435dc32}</UniqueIdentifier>
    </Filter>
    <Filter Include="Shaders\Globals">
      <UniqueIdentifier>{b10558c8-7d6b-4e5d-b229-681c5f09f937}</UniqueIdentifier>
    </Filter>
    <Filter Include="Shaders\Misc">
      <UniqueIdentifier>{28351e7a-c9cf-48de-9fff-b61f57418fef}</UniqueIdentifier>
    </Filter>
    <Filter Include="Shaders\Deferred">
      <UniqueIdentifier>{21dd1dc9-85c5-4963-9c57-8af901f73a33}</UniqueIdentifier>
    </Filter>
    <Filter Include="Shaders\Postprocess">
      <UniqueIdentifier>{fd629431-83aa-44a4-b2e4-fe3b22ad2ef8}</UniqueIdentifier>
    </Filter>
    <Filter Include="Shaders\Shadows">
      <UniqueIdentifier>{99a79753-af30-4352-bc3e-f684a6be16b8}</UniqueIdentifier>
    </Filter>
    <Filter Include="Shaders\Ocean">
      <UniqueIdentifier>{af6cf165-801a-47d9-b6d1-81e73017ea9a}</UniqueIdentifier>
    </Filter>
    <Filter Include="tecs">
      <UniqueIdentifier>{ef6b7c25-33a2-4670-acc7-6339c48baeb9}</UniqueIdentifier>
    </Filter>
    <Filter Include="Shaders\GI">
      <UniqueIdentifier>{85431048-4aed-423d-835b-d8cbc6efd8d5}</UniqueIdentifier>
    </Filter>
    <Filter Include="ImGui">
      <UniqueIdentifier>{ac0a0eec-706f-47c6-ac47-2892dde6647c}</UniqueIdentifier>
    </Filter>
    <Filter Include="Editor">
      <UniqueIdentifier>{82f8fa3a-c2b4-4cd1-9a90-c46b3a0b1dfb}</UniqueIdentifier>
    </Filter>
    <Filter Include="Shaders\Particles">
      <UniqueIdentifier>{ce1dc203-44c4-4ed9-b8e3-61f7f2e0de0e}</UniqueIdentifier>
    </Filter>
  </ItemGroup>
  <ItemGroup>
    <ClCompile Include="main.cpp" />
    <ClCompile Include="Logging\Logger.cpp">
      <Filter>Logging</Filter>
    </ClCompile>
    <ClCompile Include="Events\EventQueue.cpp">
      <Filter>Events</Filter>
    </ClCompile>
    <ClCompile Include="Audio\AudioEngine.cpp">
      <Filter>Audio</Filter>
    </ClCompile>
    <ClCompile Include="Audio\AudioSystem.cpp">
      <Filter>Audio</Filter>
    </ClCompile>
    <ClCompile Include="Core\Engine.cpp">
      <Filter>Core</Filter>
    </ClCompile>
    <ClCompile Include="Core\Window.cpp">
      <Filter>Core</Filter>
    </ClCompile>
    <ClCompile Include="Input\Input.cpp">
      <Filter>Input</Filter>
    </ClCompile>
    <ClCompile Include="Graphics\GraphicsDeviceDX11.cpp">
      <Filter>Graphics</Filter>
    </ClCompile>
    <ClCompile Include="Graphics\DDSTextureLoader.cpp">
      <Filter>Graphics</Filter>
    </ClCompile>
    <ClCompile Include="Graphics\WICTextureLoader.cpp">
      <Filter>Graphics</Filter>
    </ClCompile>
    <ClCompile Include="Graphics\ShaderProgram.cpp">
      <Filter>Graphics</Filter>
    </ClCompile>
    <ClCompile Include="Graphics\ShaderCompiler.cpp">
      <Filter>Graphics</Filter>
    </ClCompile>
    <ClCompile Include="Graphics\TextureManager.cpp">
      <Filter>Graphics</Filter>
    </ClCompile>
    <ClCompile Include="Rendering\CameraManager.cpp">
      <Filter>Rendering</Filter>
    </ClCompile>
    <ClCompile Include="Rendering\Renderer.cpp">
      <Filter>Rendering</Filter>
    </ClCompile>
    <ClCompile Include="Rendering\ModelImporter.cpp">
      <Filter>Rendering</Filter>
    </ClCompile>
    <ClCompile Include="Rendering\Camera.cpp">
      <Filter>Rendering</Filter>
    </ClCompile>
    <ClCompile Include="Graphics\GPUProfiler.cpp">
      <Filter>Graphics</Filter>
    </ClCompile>
    <ClCompile Include="Utilities\AdriaException.cpp">
      <Filter>Utilities</Filter>
    </ClCompile>
    <ClCompile Include="..\ThirdParty\ImGui\imgui.cpp">
      <Filter>ImGui</Filter>
    </ClCompile>
    <ClCompile Include="..\ThirdParty\ImGui\imgui_demo.cpp">
      <Filter>ImGui</Filter>
    </ClCompile>
    <ClCompile Include="..\ThirdParty\ImGui\imgui_draw.cpp">
      <Filter>ImGui</Filter>
    </ClCompile>
    <ClCompile Include="..\ThirdParty\ImGui\imgui_impl_dx11.cpp">
      <Filter>ImGui</Filter>
    </ClCompile>
    <ClCompile Include="..\ThirdParty\ImGui\imgui_impl_win32.cpp">
      <Filter>ImGui</Filter>
    </ClCompile>
    <ClCompile Include="..\ThirdParty\ImGui\imgui_tables.cpp">
      <Filter>ImGui</Filter>
    </ClCompile>
    <ClCompile Include="..\ThirdParty\ImGui\imgui_widgets.cpp">
      <Filter>ImGui</Filter>
    </ClCompile>
    <ClCompile Include="Editor\GUI.cpp">
      <Filter>Editor</Filter>
    </ClCompile>
    <ClCompile Include="..\ThirdParty\ImGui\ImGuizmo.cpp">
      <Filter>ImGui</Filter>
    </ClCompile>
    <ClCompile Include="Editor\Editor.cpp">
      <Filter>Editor</Filter>
    </ClCompile>
    <ClCompile Include="..\ThirdParty\ImGui\ImGuiFileDialog.cpp">
      <Filter>ImGui</Filter>
    </ClCompile>
    <ClCompile Include="Utilities\Heightmap.cpp">
      <Filter>Utilities</Filter>
    </ClCompile>
    <ClCompile Include="Graphics\CommonStates.cpp">
      <Filter>Graphics</Filter>
    </ClCompile>
    <ClCompile Include="Graphics\RenderPass.cpp">
      <Filter>Graphics</Filter>
    </ClCompile>
    <ClCompile Include="Rendering\SkyModel.cpp">
      <Filter>Rendering</Filter>
    </ClCompile>
    <ClCompile Include="Utilities\Image.cpp">
      <Filter>Utilities</Filter>
    </ClCompile>
    <ClCompile Include="Rendering\Terrain.cpp">
      <Filter>Rendering</Filter>
    </ClCompile>
    <ClCompile Include="Rendering\ParticleRenderer.cpp">
      <Filter>Rendering</Filter>
    </ClCompile>
    <ClCompile Include="Rendering\ShaderCache.cpp">
      <Filter>Rendering</Filter>
    </ClCompile>
    <ClCompile Include="Utilities\CPUProfiler.cpp">
      <Filter>Utilities</Filter>
    </ClCompile>
  </ItemGroup>
  <ItemGroup>
    <ClInclude Include="Utilities\RingBuffer.h">
      <Filter>Utilities</Filter>
    </ClInclude>
    <ClInclude Include="Utilities\ConcurrentQueue.h">
      <Filter>Utilities</Filter>
    </ClInclude>
    <ClInclude Include="Utilities\HashUtil.h">
      <Filter>Utilities</Filter>
    </ClInclude>
    <ClInclude Include="Utilities\Random.h">
      <Filter>Utilities</Filter>
    </ClInclude>
    <ClInclude Include="Utilities\StringUtil.h">
      <Filter>Utilities</Filter>
    </ClInclude>
    <ClInclude Include="Utilities\TemplatesUtil.h">
      <Filter>Utilities</Filter>
    </ClInclude>
    <ClInclude Include="Logging\Logger.h">
      <Filter>Logging</Filter>
    </ClInclude>
    <ClInclude Include="Events\EventQueue.h">
      <Filter>Events</Filter>
    </ClInclude>
    <ClInclude Include="Events\IEvent.h">
      <Filter>Events</Filter>
    </ClInclude>
    <ClInclude Include="Audio\AudioEngine.h">
      <Filter>Audio</Filter>
    </ClInclude>
    <ClInclude Include="Audio\AudioSystem.h">
      <Filter>Audio</Filter>
    </ClInclude>
    <ClInclude Include="Core\Definitions.h">
      <Filter>Core</Filter>
    </ClInclude>
    <ClInclude Include="Core\Window.h">
      <Filter>Core</Filter>
    </ClInclude>
    <ClInclude Include="Utilities\MemoryDebugger.h">
      <Filter>Utilities</Filter>
    </ClInclude>
    <ClInclude Include="Core\Engine.h">
      <Filter>Core</Filter>
    </ClInclude>
    <ClInclude Include="Math\Constants.h">
      <Filter>Math</Filter>
    </ClInclude>
    <ClInclude Include="Input\Input.h">
      <Filter>Input</Filter>
    </ClInclude>
    <ClInclude Include="Graphics\GraphicsDeviceDX11.h">
      <Filter>Graphics</Filter>
    </ClInclude>
    <ClInclude Include="Graphics\DDSTextureLoader.h">
      <Filter>Graphics</Filter>
    </ClInclude>
    <ClInclude Include="Graphics\WICTextureLoader.h">
      <Filter>Graphics</Filter>
    </ClInclude>
    <ClInclude Include="Graphics\CommonStates.h">
      <Filter>Graphics</Filter>
    </ClInclude>
    <ClInclude Include="Graphics\ConstantBuffer.h">
      <Filter>Graphics</Filter>
    </ClInclude>
    <ClInclude Include="Graphics\RenderPass.h">
      <Filter>Graphics</Filter>
    </ClInclude>
    <ClInclude Include="Graphics\ShaderProgram.h">
      <Filter>Graphics</Filter>
    </ClInclude>
    <ClInclude Include="Graphics\ShaderCompiler.h">
      <Filter>Graphics</Filter>
    </ClInclude>
    <ClInclude Include="Graphics\TextureManager.h">
      <Filter>Graphics</Filter>
    </ClInclude>
    <ClInclude Include="Graphics\VertexTypes.h">
      <Filter>Graphics</Filter>
    </ClInclude>
    <ClInclude Include="Core\Macros.h">
      <Filter>Core</Filter>
    </ClInclude>
    <ClInclude Include="resource.h">
      <Filter>Resource Files</Filter>
    </ClInclude>
    <ClInclude Include="Core\Windows.h">
      <Filter>Core</Filter>
    </ClInclude>
    <ClInclude Include="Utilities\Image.h">
      <Filter>Utilities</Filter>
    </ClInclude>
    <ClInclude Include="Math\BoundingVolumeHelpers.h">
      <Filter>Math</Filter>
    </ClInclude>
    <ClInclude Include="Rendering\CameraManager.h">
      <Filter>Rendering</Filter>
    </ClInclude>
    <ClInclude Include="Rendering\Components.h">
      <Filter>Rendering</Filter>
    </ClInclude>
    <ClInclude Include="Rendering\ConstantBuffers.h">
      <Filter>Rendering</Filter>
    </ClInclude>
    <ClInclude Include="Rendering\Enums.h">
      <Filter>Rendering</Filter>
    </ClInclude>
    <ClInclude Include="Rendering\Renderer.h">
      <Filter>Rendering</Filter>
    </ClInclude>
    <ClInclude Include="Rendering\ModelImporter.h">
      <Filter>Rendering</Filter>
    </ClInclude>
    <ClInclude Include="Rendering\Camera.h">
      <Filter>Rendering</Filter>
    </ClInclude>
    <ClInclude Include="Graphics\GPUProfiler.h">
      <Filter>Graphics</Filter>
    </ClInclude>
    <ClInclude Include="tecs\component_pool.h">
      <Filter>tecs</Filter>
    </ClInclude>
    <ClInclude Include="tecs\entity.h">
      <Filter>tecs</Filter>
    </ClInclude>
    <ClInclude Include="tecs\entity_view.h">
      <Filter>tecs</Filter>
    </ClInclude>
    <ClInclude Include="tecs\registry.h">
      <Filter>tecs</Filter>
    </ClInclude>
    <ClInclude Include="tecs\sparse_set.h">
      <Filter>tecs</Filter>
    </ClInclude>
    <ClInclude Include="Utilities\AllocatorUtil.h">
      <Filter>Utilities</Filter>
    </ClInclude>
    <ClInclude Include="Utilities\LinearAllocator.h">
      <Filter>Utilities</Filter>
    </ClInclude>
    <ClInclude Include="Utilities\ObjectPool.h">
      <Filter>Utilities</Filter>
    </ClInclude>
    <ClInclude Include="Utilities\RingAllocator.h">
      <Filter>Utilities</Filter>
    </ClInclude>
    <ClInclude Include="Utilities\Timer.h">
      <Filter>Utilities</Filter>
    </ClInclude>
    <ClInclude Include="Utilities\AdriaException.h">
      <Filter>Utilities</Filter>
    </ClInclude>
    <ClInclude Include="..\ThirdParty\ImGui\imconfig.h">
      <Filter>ImGui</Filter>
    </ClInclude>
    <ClInclude Include="..\ThirdParty\ImGui\imgui.h">
      <Filter>ImGui</Filter>
    </ClInclude>
    <ClInclude Include="..\ThirdParty\ImGui\imgui_impl_dx11.h">
      <Filter>ImGui</Filter>
    </ClInclude>
    <ClInclude Include="..\ThirdParty\ImGui\imgui_impl_win32.h">
      <Filter>ImGui</Filter>
    </ClInclude>
    <ClInclude Include="..\ThirdParty\ImGui\imgui_internal.h">
      <Filter>ImGui</Filter>
    </ClInclude>
    <ClInclude Include="..\ThirdParty\ImGui\imstb_rectpack.h">
      <Filter>ImGui</Filter>
    </ClInclude>
    <ClInclude Include="..\ThirdParty\ImGui\imstb_textedit.h">
      <Filter>ImGui</Filter>
    </ClInclude>
    <ClInclude Include="..\ThirdParty\ImGui\imstb_truetype.h">
      <Filter>ImGui</Filter>
    </ClInclude>
    <ClInclude Include="Editor\GUI.h">
      <Filter>Editor</Filter>
    </ClInclude>
    <ClInclude Include="Editor\Editor.h">
      <Filter>Editor</Filter>
    </ClInclude>
    <ClInclude Include="Utilities\FilesUtil.h">
      <Filter>Utilities</Filter>
    </ClInclude>
    <ClInclude Include="..\ThirdParty\ImGui\ImGuizmo.h">
      <Filter>ImGui</Filter>
    </ClInclude>
    <ClInclude Include="Rendering\RendererSettings.h">
      <Filter>Rendering</Filter>
    </ClInclude>
    <ClInclude Include="..\ThirdParty\ImGui\ImGuiFileDialog.h">
      <Filter>ImGui</Filter>
    </ClInclude>
    <ClInclude Include="..\ThirdParty\ImGui\ImGuiFileDialogConfig.h">
      <Filter>ImGui</Filter>
    </ClInclude>
    <ClInclude Include="Math\ComputeNormals.h">
      <Filter>Math</Filter>
    </ClInclude>
    <ClInclude Include="Utilities\Heightmap.h">
      <Filter>Utilities</Filter>
    </ClInclude>
    <ClInclude Include="Utilities\CommandLineParser.h">
      <Filter>Utilities</Filter>
    </ClInclude>
    <ClInclude Include="Graphics\ProfilerSettings.h">
      <Filter>Graphics</Filter>
    </ClInclude>
    <ClInclude Include="Utilities\EnumUtil.h">
      <Filter>Utilities</Filter>
    </ClInclude>
    <ClInclude Include="Math\ComputeTangentFrame.h">
      <Filter>Math</Filter>
    </ClInclude>
    <ClInclude Include="Rendering\SkyModel.h">
      <Filter>Rendering</Filter>
    </ClInclude>
    <ClInclude Include="Rendering\Terrain.h">
      <Filter>Rendering</Filter>
    </ClInclude>
    <ClInclude Include="Rendering\ParticleRenderer.h">
      <Filter>Rendering</Filter>
    </ClInclude>
    <ClInclude Include="Graphics\ScopedAnnotation.h">
      <Filter>Graphics</Filter>
    </ClInclude>
    <ClInclude Include="Tasks\Task.h">
      <Filter>Threading</Filter>
    </ClInclude>
    <ClInclude Include="Tasks\TaskManager.h">
      <Filter>Threading</Filter>
    </ClInclude>
    <ClInclude Include="Tasks\TaskSystem.h">
      <Filter>Threading</Filter>
    </ClInclude>
    <ClInclude Include="Tasks\ThreadPool.h">
      <Filter>Threading</Filter>
    </ClInclude>
    <ClInclude Include="Utilities\JsonUtil.h">
      <Filter>Utilities</Filter>
    </ClInclude>
    <ClInclude Include="Rendering\Picker.h">
      <Filter>Rendering</Filter>
    </ClInclude>
    <ClInclude Include="Rendering\SceneViewport.h">
      <Filter>Rendering</Filter>
    </ClInclude>
    <ClInclude Include="Rendering\ShaderCache.h">
      <Filter>Rendering</Filter>
    </ClInclude>
    <ClInclude Include="Utilities\CPUProfiler.h">
      <Filter>Utilities</Filter>
    </ClInclude>
    <ClInclude Include="Events\Delegate.h">
      <Filter>Events</Filter>
    </ClInclude>
    <ClInclude Include="Graphics\Buffer.h">
      <Filter>Graphics</Filter>
    </ClInclude>
    <ClInclude Include="Graphics\ResourceCommon.h">
      <Filter>Graphics</Filter>
    </ClInclude>
    <ClInclude Include="Graphics\Texture.h">
      <Filter>Graphics</Filter>
    </ClInclude>
    <ClInclude Include="Utilities\HashMap.h">
      <Filter>Utilities</Filter>
    </ClInclude>
    <ClInclude Include="Utilities\HashSet.h">
      <Filter>Utilities</Filter>
    </ClInclude>
  </ItemGroup>
  <ItemGroup>
    <ResourceCompile Include="Adria.rc">
      <Filter>Resource Files</Filter>
    </ResourceCompile>
  </ItemGroup>
  <ItemGroup>
    <Image Include="Resources\Icons\adria_logo.ico">
      <Filter>Resource Files</Filter>
    </Image>
  </ItemGroup>
  <ItemGroup>
    <None Include="Resources\Shaders\Util\DitherUtil.hlsli">
      <Filter>Shaders\Util</Filter>
    </None>
    <None Include="Resources\Shaders\Util\LightUtil.hlsli">
      <Filter>Shaders\Util</Filter>
    </None>
    <None Include="Resources\Shaders\Util\ShadowUtil.hlsli">
      <Filter>Shaders\Util</Filter>
    </None>
    <None Include="Resources\Shaders\Util\ToneMapUtil.hlsli">
      <Filter>Shaders\Util</Filter>
    </None>
    <None Include="Resources\Shaders\Globals\GlobalsVS.hlsli">
      <Filter>Shaders\Globals</Filter>
    </None>
    <None Include="Resources\Shaders\Globals\GlobalsPS.hlsli">
      <Filter>Shaders\Globals</Filter>
    </None>
    <None Include="Resources\Shaders\Globals\GlobalsCS.hlsli">
      <Filter>Shaders\Globals</Filter>
    </None>
    <None Include="Resources\Shaders\Globals\GlobalsGS.hlsli">
      <Filter>Shaders\Globals</Filter>
    </None>
    <None Include="Resources\Shaders\Globals\GlobalsHS.hlsli">
      <Filter>Shaders\Globals</Filter>
    </None>
    <None Include="Resources\Shaders\Globals\GlobalsDS.hlsli">
      <Filter>Shaders\Globals</Filter>
    </None>
    <None Include="Resources\Shaders\Util\LightVolumesUtil.hlsli">
      <Filter>Shaders\Util</Filter>
    </None>
    <None Include="Resources\Shaders\Util\VoxelUtil.hlsli">
      <Filter>Shaders\Util</Filter>
    </None>
    <None Include="Utilities\HosekDataRGB.h">
      <Filter>Utilities</Filter>
    </None>
    <None Include="Resources\Shaders\Particles\ParticleGlobals.hlsli">
      <Filter>Shaders\Particles</Filter>
    </None>
    <None Include="scene.json" />
  </ItemGroup>
  <ItemGroup>
    <FxCompile Include="Resources\Shaders\Misc\SkyboxPS.hlsl">
      <Filter>Shaders\Misc</Filter>
    </FxCompile>
    <FxCompile Include="Resources\Shaders\Misc\SkyboxVS.hlsl">
      <Filter>Shaders\Misc</Filter>
    </FxCompile>
    <FxCompile Include="Resources\Shaders\Deferred\AmbientPBR_PS.hlsl">
      <Filter>Shaders\Deferred</Filter>
    </FxCompile>
    <FxCompile Include="Resources\Shaders\Deferred\LightingPBR_PS.hlsl">
      <Filter>Shaders\Deferred</Filter>
    </FxCompile>
    <FxCompile Include="Resources\Shaders\Deferred\GeometryPassPBR_PS.hlsl">
      <Filter>Shaders\Deferred</Filter>
    </FxCompile>
    <FxCompile Include="Resources\Shaders\Deferred\GeometryPassPBR_VS.hlsl">
      <Filter>Shaders\Deferred</Filter>
    </FxCompile>
    <FxCompile Include="Resources\Shaders\Deferred\IrmapCS.hlsl">
      <Filter>Shaders\Deferred</Filter>
    </FxCompile>
    <FxCompile Include="Resources\Shaders\Deferred\SpbrdfCS.hlsl">
      <Filter>Shaders\Deferred</Filter>
    </FxCompile>
    <FxCompile Include="Resources\Shaders\Deferred\SpmapCS.hlsl">
      <Filter>Shaders\Deferred</Filter>
    </FxCompile>
    <FxCompile Include="Resources\Shaders\Postprocess\ScreenQuadVS.hlsl">
      <Filter>Shaders\Postprocess</Filter>
    </FxCompile>
    <FxCompile Include="Resources\Shaders\Postprocess\ToneMapPS.hlsl">
      <Filter>Shaders\Postprocess</Filter>
    </FxCompile>
    <FxCompile Include="Resources\Shaders\Postprocess\FXAA.hlsl">
      <Filter>Shaders\Postprocess</Filter>
    </FxCompile>
    <FxCompile Include="Resources\Shaders\Shadows\DepthMapPS.hlsl">
      <Filter>Shaders\Shadows</Filter>
    </FxCompile>
    <FxCompile Include="Resources\Shaders\Shadows\DepthMapVS.hlsl">
      <Filter>Shaders\Shadows</Filter>
    </FxCompile>
    <FxCompile Include="Resources\Shaders\Postprocess\VolumetricLightDirectionalPS.hlsl">
      <Filter>Shaders\Postprocess</Filter>
    </FxCompile>
    <FxCompile Include="Resources\Shaders\Postprocess\VolumetricLightPointPS.hlsl">
      <Filter>Shaders\Postprocess</Filter>
    </FxCompile>
    <FxCompile Include="Resources\Shaders\Postprocess\VolumetricLightSpotPS.hlsl">
      <Filter>Shaders\Postprocess</Filter>
    </FxCompile>
    <FxCompile Include="Resources\Shaders\Postprocess\VolumetricLightDirectionalCascadesPS.hlsl">
      <Filter>Shaders\Postprocess</Filter>
    </FxCompile>
    <FxCompile Include="Resources\Shaders\Postprocess\SSAO_PS.hlsl">
      <Filter>Shaders\Postprocess</Filter>
    </FxCompile>
    <FxCompile Include="Resources\Shaders\Postprocess\BlurCS.hlsl">
      <Filter>Shaders\Postprocess</Filter>
    </FxCompile>
    <FxCompile Include="Resources\Shaders\Postprocess\SSR_PS.hlsl">
      <Filter>Shaders\Postprocess</Filter>
    </FxCompile>
    <FxCompile Include="Resources\Shaders\Postprocess\LensFlareGS.hlsl">
      <Filter>Shaders\Postprocess</Filter>
    </FxCompile>
    <FxCompile Include="Resources\Shaders\Postprocess\LensFlarePS.hlsl">
      <Filter>Shaders\Postprocess</Filter>
    </FxCompile>
    <FxCompile Include="Resources\Shaders\Postprocess\LensFlareVS.hlsl">
      <Filter>Shaders\Postprocess</Filter>
    </FxCompile>
    <FxCompile Include="Resources\Shaders\Postprocess\BokehCS.hlsl">
      <Filter>Shaders\Postprocess</Filter>
    </FxCompile>
    <FxCompile Include="Resources\Shaders\Postprocess\BokehGS.hlsl">
      <Filter>Shaders\Postprocess</Filter>
    </FxCompile>
    <FxCompile Include="Resources\Shaders\Postprocess\BokehPS.hlsl">
      <Filter>Shaders\Postprocess</Filter>
    </FxCompile>
    <FxCompile Include="Resources\Shaders\Postprocess\BokehVS.hlsl">
      <Filter>Shaders\Postprocess</Filter>
    </FxCompile>
    <FxCompile Include="Resources\Shaders\Postprocess\DOF_PS.hlsl">
      <Filter>Shaders\Postprocess</Filter>
    </FxCompile>
    <FxCompile Include="Resources\Shaders\Postprocess\CopyPS.hlsl">
      <Filter>Shaders\Postprocess</Filter>
    </FxCompile>
    <FxCompile Include="Resources\Shaders\Postprocess\BloomExtractCS.hlsl">
      <Filter>Shaders\Postprocess</Filter>
    </FxCompile>
    <FxCompile Include="Resources\Shaders\Postprocess\AddPS.hlsl">
      <Filter>Shaders\Postprocess</Filter>
    </FxCompile>
    <FxCompile Include="Resources\Shaders\Postprocess\GodRaysPS.hlsl">
      <Filter>Shaders\Postprocess</Filter>
    </FxCompile>
    <FxCompile Include="Resources\Shaders\Postprocess\CloudsPS.hlsl">
      <Filter>Shaders\Postprocess</Filter>
    </FxCompile>
    <FxCompile Include="Resources\Shaders\Ocean\FFT_horizontalCS.hlsl">
      <Filter>Shaders\Ocean</Filter>
    </FxCompile>
    <FxCompile Include="Resources\Shaders\Ocean\FFT_verticalCS.hlsl">
      <Filter>Shaders\Ocean</Filter>
    </FxCompile>
    <FxCompile Include="Resources\Shaders\Ocean\InitialSpectrumCS.hlsl">
      <Filter>Shaders\Ocean</Filter>
    </FxCompile>
    <FxCompile Include="Resources\Shaders\Ocean\NormalMapCS.hlsl">
      <Filter>Shaders\Ocean</Filter>
    </FxCompile>
    <FxCompile Include="Resources\Shaders\Ocean\OceanLodDS.hlsl">
      <Filter>Shaders\Ocean</Filter>
    </FxCompile>
    <FxCompile Include="Resources\Shaders\Ocean\OceanLodHS.hlsl">
      <Filter>Shaders\Ocean</Filter>
    </FxCompile>
    <FxCompile Include="Resources\Shaders\Ocean\OceanLodPS.hlsl">
      <Filter>Shaders\Ocean</Filter>
    </FxCompile>
    <FxCompile Include="Resources\Shaders\Ocean\OceanLodVS.hlsl">
      <Filter>Shaders\Ocean</Filter>
    </FxCompile>
    <FxCompile Include="Resources\Shaders\Ocean\OceanPS.hlsl">
      <Filter>Shaders\Ocean</Filter>
    </FxCompile>
    <FxCompile Include="Resources\Shaders\Ocean\OceanVS.hlsl">
      <Filter>Shaders\Ocean</Filter>
    </FxCompile>
    <FxCompile Include="Resources\Shaders\Ocean\PhaseCS.hlsl">
      <Filter>Shaders\Ocean</Filter>
    </FxCompile>
    <FxCompile Include="Resources\Shaders\Ocean\SpectrumCS.hlsl">
      <Filter>Shaders\Ocean</Filter>
    </FxCompile>
    <FxCompile Include="Resources\Shaders\Misc\BillboardPS.hlsl">
      <Filter>Shaders\Misc</Filter>
    </FxCompile>
    <FxCompile Include="Resources\Shaders\Misc\BillboardVS.hlsl">
      <Filter>Shaders\Misc</Filter>
    </FxCompile>
    <FxCompile Include="Resources\Shaders\Misc\SolidPS.hlsl">
      <Filter>Shaders\Misc</Filter>
    </FxCompile>
    <FxCompile Include="Resources\Shaders\Misc\SolidVS.hlsl">
      <Filter>Shaders\Misc</Filter>
    </FxCompile>
    <FxCompile Include="Resources\Shaders\Misc\TexturePS.hlsl">
      <Filter>Shaders\Misc</Filter>
    </FxCompile>
    <FxCompile Include="Resources\Shaders\Misc\TextureVS.hlsl">
      <Filter>Shaders\Misc</Filter>
    </FxCompile>
    <FxCompile Include="Resources\Shaders\Misc\SunVS.hlsl">
      <Filter>Shaders\Misc</Filter>
    </FxCompile>
    <FxCompile Include="Resources\Shaders\Misc\SunPS.hlsl">
      <Filter>Shaders\Misc</Filter>
    </FxCompile>
    <FxCompile Include="Resources\Shaders\Postprocess\MotionBlurPS.hlsl">
      <Filter>Shaders\Postprocess</Filter>
    </FxCompile>
    <FxCompile Include="Resources\Shaders\Postprocess\SphereVolumeVS.hlsl">
      <Filter>Shaders\Postprocess</Filter>
    </FxCompile>
    <FxCompile Include="Resources\Shaders\Deferred\TiledLightingCS.hlsl">
      <Filter>Shaders\Deferred</Filter>
    </FxCompile>
    <FxCompile Include="Resources\Shaders\GI\VoxelizeVS.hlsl">
      <Filter>Shaders\GI</Filter>
    </FxCompile>
    <FxCompile Include="Resources\Shaders\GI\VoxelizeGS.hlsl">
      <Filter>Shaders\GI</Filter>
    </FxCompile>
    <FxCompile Include="Resources\Shaders\GI\VoxelizePS.hlsl">
      <Filter>Shaders\GI</Filter>
    </FxCompile>
    <FxCompile Include="Resources\Shaders\GI\VoxelDebugVS.hlsl">
      <Filter>Shaders\GI</Filter>
    </FxCompile>
    <FxCompile Include="Resources\Shaders\GI\VoxelDebugGS.hlsl">
      <Filter>Shaders\GI</Filter>
    </FxCompile>
    <FxCompile Include="Resources\Shaders\GI\VoxelDebugPS.hlsl">
      <Filter>Shaders\GI</Filter>
    </FxCompile>
    <FxCompile Include="Resources\Shaders\GI\VoxelCopyCS.hlsl">
      <Filter>Shaders\GI</Filter>
    </FxCompile>
    <FxCompile Include="Resources\Shaders\GI\VoxelGI_PS.hlsl">
      <Filter>Shaders\GI</Filter>
    </FxCompile>
    <FxCompile Include="Resources\Shaders\GI\VoxelSecondBounceCS.hlsl">
      <Filter>Shaders\GI</Filter>
    </FxCompile>
    <FxCompile Include="Resources\Shaders\Deferred\Equirect2cubeCS.hlsl">
      <Filter>Shaders\Deferred</Filter>
    </FxCompile>
    <FxCompile Include="Resources\Shaders\Deferred\ClusterBuildingCS.hlsl">
      <Filter>Shaders\Deferred</Filter>
    </FxCompile>
    <FxCompile Include="Resources\Shaders\Deferred\ClusterCullingCS.hlsl">
      <Filter>Shaders\Deferred</Filter>
    </FxCompile>
    <FxCompile Include="Resources\Shaders\Deferred\ClusterLightingPBR_PS.hlsl">
      <Filter>Shaders\Deferred</Filter>
    </FxCompile>
    <FxCompile Include="Resources\Shaders\Deferred\GeometryPassTerrain_VS.hlsl">
      <Filter>Shaders\Deferred</Filter>
    </FxCompile>
    <FxCompile Include="Resources\Shaders\Deferred\GeometryPassTerrain_PS.hlsl">
      <Filter>Shaders\Deferred</Filter>
    </FxCompile>
    <FxCompile Include="Resources\Shaders\Postprocess\FogPS.hlsl">
      <Filter>Shaders\Postprocess</Filter>
    </FxCompile>
    <FxCompile Include="Resources\Shaders\Postprocess\TAA_PS.hlsl">
      <Filter>Shaders\Postprocess</Filter>
    </FxCompile>
    <FxCompile Include="Resources\Shaders\Postprocess\HBAO_PS.hlsl">
      <Filter>Shaders\Postprocess</Filter>
    </FxCompile>
    <FxCompile Include="Resources\Shaders\Postprocess\BloomCombineCS.hlsl">
      <Filter>Shaders\Postprocess</Filter>
    </FxCompile>
    <FxCompile Include="Resources\Shaders\Postprocess\VelocityBufferPS.hlsl">
      <Filter>Shaders\Postprocess</Filter>
    </FxCompile>
    <FxCompile Include="Resources\Shaders\Misc\HosekWilkieSkyPS.hlsl">
      <Filter>Shaders\Misc</Filter>
    </FxCompile>
    <FxCompile Include="Resources\Shaders\Misc\UniformColorSkyPS.hlsl">
      <Filter>Shaders\Misc</Filter>
    </FxCompile>
    <FxCompile Include="Resources\Shaders\Misc\FoliageVS.hlsl">
      <Filter>Shaders\Misc</Filter>
    </FxCompile>
    <FxCompile Include="Resources\Shaders\Misc\FoliagePS.hlsl">
      <Filter>Shaders\Misc</Filter>
    </FxCompile>
    <FxCompile Include="Resources\Shaders\Particles\InitDeadListCS.hlsl">
      <Filter>Shaders\Particles</Filter>
    </FxCompile>
    <FxCompile Include="Resources\Shaders\Particles\ParticleResetCS.hlsl">
      <Filter>Shaders\Particles</Filter>
    </FxCompile>
    <FxCompile Include="Resources\Shaders\Particles\ParticleEmitCS.hlsl">
      <Filter>Shaders\Particles</Filter>
    </FxCompile>
    <FxCompile Include="Resources\Shaders\Particles\ParticleSimulateCS.hlsl">
      <Filter>Shaders\Particles</Filter>
    </FxCompile>
    <FxCompile Include="Resources\Shaders\Particles\ParticleVS.hlsl">
      <Filter>Shaders\Particles</Filter>
    </FxCompile>
    <FxCompile Include="Resources\Shaders\Particles\ParticlePS.hlsl">
      <Filter>Shaders\Particles</Filter>
    </FxCompile>
    <FxCompile Include="Resources\Shaders\Particles\BitonicSortStepCS.hlsl">
      <Filter>Shaders\Particles</Filter>
    </FxCompile>
    <FxCompile Include="Resources\Shaders\Particles\InitSortDispatchArgsCS.hlsl">
      <Filter>Shaders\Particles</Filter>
    </FxCompile>
    <FxCompile Include="Resources\Shaders\Particles\Sort512CS.hlsl">
      <Filter>Shaders\Particles</Filter>
    </FxCompile>
    <FxCompile Include="Resources\Shaders\Particles\SortInner512CS.hlsl">
      <Filter>Shaders\Particles</Filter>
    </FxCompile>
    <FxCompile Include="Resources\Shaders\Misc\PickerCS.hlsl">
      <Filter>Shaders\Misc</Filter>
    </FxCompile>
    <FxCompile Include="Resources\Shaders\Misc\DecalVS.hlsl">
      <Filter>Shaders\Misc</Filter>
    </FxCompile>
    <FxCompile Include="Resources\Shaders\Misc\DecalPS.hlsl">
      <Filter>Shaders\Misc</Filter>
    </FxCompile>
  </ItemGroup>
</Project>