<?xml version="1.0" encoding="utf-8"?>
<Project ToolsVersion="4.0" xmlns="http://schemas.microsoft.com/developer/msbuild/2003">
  <ItemGroup>
    <Filter Include="Resource Files">
      <UniqueIdentifier>{67DA6AB6-F800-4c08-8B7A-83BB121AAD01}</UniqueIdentifier>
      <Extensions>rc;ico;cur;bmp;dlg;rc2;rct;bin;rgs;gif;jpg;jpeg;jpe;resx;tiff;tif;png;wav;mfcribbon-ms</Extensions>
    </Filter>
    <Filter Include="Core">
      <UniqueIdentifier>{1471750e-b525-434b-8cb0-2a8b5be3e67d}</UniqueIdentifier>
    </Filter>
    <Filter Include="Math">
      <UniqueIdentifier>{e4e598df-2661-44af-a313-3e9c0822b7c7}</UniqueIdentifier>
    </Filter>
    <Filter Include="Graphics">
      <UniqueIdentifier>{3f774ea0-48a4-4afe-9e05-31075aa3a5f6}</UniqueIdentifier>
    </Filter>
    <Filter Include="Rendering">
      <UniqueIdentifier>{90f3ecb1-e0b1-41fc-8574-0f3d8d799d4f}</UniqueIdentifier>
    </Filter>
    <Filter Include="Shaders">
      <UniqueIdentifier>{0a9b30a0-b2ef-4b72-b960-2c527af5b0d3}</UniqueIdentifier>
    </Filter>
    <Filter Include="Shaders\Util">
      <UniqueIdentifier>{c723d4b3-ef36-4592-8907-e8ea4435dc32}</UniqueIdentifier>
    </Filter>
    <Filter Include="Shaders\Misc">
      <UniqueIdentifier>{28351e7a-c9cf-48de-9fff-b61f57418fef}</UniqueIdentifier>
    </Filter>
    <Filter Include="Shaders\Postprocess">
      <UniqueIdentifier>{fd629431-83aa-44a4-b2e4-fe3b22ad2ef8}</UniqueIdentifier>
    </Filter>
    <Filter Include="Shaders\Ocean">
      <UniqueIdentifier>{af6cf165-801a-47d9-b6d1-81e73017ea9a}</UniqueIdentifier>
    </Filter>
    <Filter Include="tecs">
      <UniqueIdentifier>{ef6b7c25-33a2-4670-acc7-6339c48baeb9}</UniqueIdentifier>
    </Filter>
    <Filter Include="Editor">
      <UniqueIdentifier>{82f8fa3a-c2b4-4cd1-9a90-c46b3a0b1dfb}</UniqueIdentifier>
    </Filter>
    <Filter Include="Shaders\Particles">
      <UniqueIdentifier>{ce1dc203-44c4-4ed9-b8e3-61f7f2e0de0e}</UniqueIdentifier>
    </Filter>
    <Filter Include="External">
      <UniqueIdentifier>{7d8ba968-4ce4-4d24-81c2-e1b6b8d83726}</UniqueIdentifier>
    </Filter>
    <Filter Include="External\TextureLoaders">
      <UniqueIdentifier>{4d1d0875-4077-463b-908b-08792c54a2ab}</UniqueIdentifier>
    </Filter>
    <Filter Include="External\ImGui">
      <UniqueIdentifier>{9b050724-2521-4cb8-8f19-46abe5f20554}</UniqueIdentifier>
    </Filter>
    <Filter Include="External\SimpleMath">
      <UniqueIdentifier>{72fd1772-5308-4a07-b844-7b25e0a140a0}</UniqueIdentifier>
    </Filter>
    <Filter Include="Shaders\GBuffer">
      <UniqueIdentifier>{f9ee899d-b359-42c6-8ed0-e1c90d7816ab}</UniqueIdentifier>
    </Filter>
    <Filter Include="Shaders\Lighting">
      <UniqueIdentifier>{21dd1dc9-85c5-4963-9c57-8af901f73a33}</UniqueIdentifier>
    </Filter>
    <Filter Include="Shaders\Lighting\IBL">
      <UniqueIdentifier>{54ddb17a-ba36-4e6f-8e80-087d46656c19}</UniqueIdentifier>
    </Filter>
    <Filter Include="External\Font">
      <UniqueIdentifier>{75fd7241-0f8e-4012-a9cc-e4969ddcb4df}</UniqueIdentifier>
    </Filter>
    <Filter Include="Utilities">
      <UniqueIdentifier>{9aa33f13-72ca-4cae-b98b-33ce9f2852a9}</UniqueIdentifier>
    </Filter>
  </ItemGroup>
  <ItemGroup>
    <ClCompile Include="main.cpp" />
    <ClCompile Include="Core\Engine.cpp">
      <Filter>Core</Filter>
    </ClCompile>
    <ClCompile Include="Core\Window.cpp">
      <Filter>Core</Filter>
    </ClCompile>
    <ClCompile Include="Graphics\GfxDevice.cpp">
      <Filter>Graphics</Filter>
    </ClCompile>
    <ClCompile Include="Rendering\Renderer.cpp">
      <Filter>Rendering</Filter>
    </ClCompile>
    <ClCompile Include="Rendering\ModelImporter.cpp">
      <Filter>Rendering</Filter>
    </ClCompile>
    <ClCompile Include="Rendering\Camera.cpp">
      <Filter>Rendering</Filter>
    </ClCompile>
    <ClCompile Include="Editor\GUI.cpp">
      <Filter>Editor</Filter>
    </ClCompile>
    <ClCompile Include="Editor\Editor.cpp">
      <Filter>Editor</Filter>
    </ClCompile>
    <ClCompile Include="Rendering\SkyModel.cpp">
      <Filter>Rendering</Filter>
    </ClCompile>
    <ClCompile Include="Rendering\Terrain.cpp">
      <Filter>Rendering</Filter>
    </ClCompile>
    <ClCompile Include="Rendering\ParticleRenderer.cpp">
      <Filter>Rendering</Filter>
    </ClCompile>
    <ClCompile Include="Rendering\ShaderManager.cpp">
      <Filter>Rendering</Filter>
    </ClCompile>
    <ClCompile Include="..\ThirdParty\ImGui\ImGui\imgui.cpp">
      <Filter>External\ImGui</Filter>
    </ClCompile>
    <ClCompile Include="..\ThirdParty\ImGui\ImGui\imgui_demo.cpp">
      <Filter>External\ImGui</Filter>
    </ClCompile>
    <ClCompile Include="..\ThirdParty\ImGui\ImGui\imgui_draw.cpp">
      <Filter>External\ImGui</Filter>
    </ClCompile>
    <ClCompile Include="..\ThirdParty\ImGui\ImGui\imgui_impl_dx11.cpp">
      <Filter>External\ImGui</Filter>
    </ClCompile>
    <ClCompile Include="..\ThirdParty\ImGui\ImGui\imgui_impl_win32.cpp">
      <Filter>External\ImGui</Filter>
    </ClCompile>
    <ClCompile Include="..\ThirdParty\ImGui\ImGui\imgui_tables.cpp">
      <Filter>External\ImGui</Filter>
    </ClCompile>
    <ClCompile Include="..\ThirdParty\ImGui\ImGui\imgui_widgets.cpp">
      <Filter>External\ImGui</Filter>
    </ClCompile>
    <ClCompile Include="..\ThirdParty\ImGui\ImGui\ImGuizmo.cpp">
      <Filter>External\ImGui</Filter>
    </ClCompile>
    <ClCompile Include="Rendering\TextureManager.cpp">
      <Filter>Rendering</Filter>
    </ClCompile>
    <ClCompile Include="pch.cpp" />
    <ClCompile Include="..\ThirdParty\gfx-external\WICTextureLoader.cpp">
      <Filter>External\TextureLoaders</Filter>
    </ClCompile>
    <ClCompile Include="..\ThirdParty\gfx-external\DDSTextureLoader.cpp">
      <Filter>External\TextureLoaders</Filter>
    </ClCompile>
    <ClCompile Include="..\ThirdParty\SimpleMath\SimpleMath.cpp">
      <Filter>External\SimpleMath</Filter>
    </ClCompile>
    <ClCompile Include="Graphics\GfxStates.cpp">
      <Filter>Graphics</Filter>
    </ClCompile>
    <ClCompile Include="Graphics\GfxCommandContext.cpp">
      <Filter>Graphics</Filter>
    </ClCompile>
    <ClCompile Include="Graphics\GfxInputLayout.cpp">
      <Filter>Graphics</Filter>
    </ClCompile>
    <ClCompile Include="Graphics\GfxQuery.cpp">
      <Filter>Graphics</Filter>
    </ClCompile>
    <ClCompile Include="Graphics\GfxProfiler.cpp">
      <Filter>Graphics</Filter>
    </ClCompile>
    <ClCompile Include="Graphics\GfxScopedAnnotation.cpp">
      <Filter>Graphics</Filter>
    </ClCompile>
    <ClCompile Include="Graphics\GfxShaderCompiler.cpp">
      <Filter>Graphics</Filter>
    </ClCompile>
    <ClCompile Include="Rendering\Components.cpp">
      <Filter>Rendering</Filter>
    </ClCompile>
    <ClCompile Include="Graphics\GfxShaderProgram.cpp">
      <Filter>Graphics</Filter>
    </ClCompile>
    <ClCompile Include="Core\Input.cpp">
      <Filter>Core</Filter>
    </ClCompile>
    <ClCompile Include="Core\Logger.cpp">
      <Filter>Core</Filter>
    </ClCompile>
    <ClCompile Include="Utilities\Heightmap.cpp">
      <Filter>Utilities</Filter>
    </ClCompile>
    <ClCompile Include="Utilities\Image.cpp">
      <Filter>Utilities</Filter>
    </ClCompile>
    <ClCompile Include="Utilities\StringUtil.cpp">
      <Filter>Utilities</Filter>
    </ClCompile>
    <ClCompile Include="Editor\EditorLogger.cpp" />
  </ItemGroup>
  <ItemGroup>
    <ClInclude Include="Core\CoreTypes.h">
      <Filter>Core</Filter>
    </ClInclude>
    <ClInclude Include="Core\Window.h">
      <Filter>Core</Filter>
    </ClInclude>
    <ClInclude Include="Core\Engine.h">
      <Filter>Core</Filter>
    </ClInclude>
    <ClInclude Include="Math\Constants.h">
      <Filter>Math</Filter>
    </ClInclude>
    <ClInclude Include="Graphics\GfxDevice.h">
      <Filter>Graphics</Filter>
    </ClInclude>
    <ClInclude Include="Graphics\GfxVertexFormat.h">
      <Filter>Graphics</Filter>
    </ClInclude>
    <ClInclude Include="Core\Defines.h">
      <Filter>Core</Filter>
    </ClInclude>
    <ClInclude Include="resource.h">
      <Filter>Resource Files</Filter>
    </ClInclude>
    <ClInclude Include="Core\Windows.h">
      <Filter>Core</Filter>
    </ClInclude>
    <ClInclude Include="Math\BoundingVolumeHelpers.h">
      <Filter>Math</Filter>
    </ClInclude>
    <ClInclude Include="Rendering\Components.h">
      <Filter>Rendering</Filter>
    </ClInclude>
    <ClInclude Include="Rendering\ConstantBuffers.h">
      <Filter>Rendering</Filter>
    </ClInclude>
    <ClInclude Include="Rendering\Enums.h">
      <Filter>Rendering</Filter>
    </ClInclude>
    <ClInclude Include="Rendering\Renderer.h">
      <Filter>Rendering</Filter>
    </ClInclude>
    <ClInclude Include="Rendering\ModelImporter.h">
      <Filter>Rendering</Filter>
    </ClInclude>
    <ClInclude Include="Rendering\Camera.h">
      <Filter>Rendering</Filter>
    </ClInclude>
    <ClInclude Include="tecs\component_pool.h">
      <Filter>tecs</Filter>
    </ClInclude>
    <ClInclude Include="tecs\entity.h">
      <Filter>tecs</Filter>
    </ClInclude>
    <ClInclude Include="tecs\entity_view.h">
      <Filter>tecs</Filter>
    </ClInclude>
    <ClInclude Include="tecs\registry.h">
      <Filter>tecs</Filter>
    </ClInclude>
    <ClInclude Include="tecs\sparse_set.h">
      <Filter>tecs</Filter>
    </ClInclude>
    <ClInclude Include="Editor\GUI.h">
      <Filter>Editor</Filter>
    </ClInclude>
    <ClInclude Include="Editor\Editor.h">
      <Filter>Editor</Filter>
    </ClInclude>
    <ClInclude Include="Rendering\RendererSettings.h">
      <Filter>Rendering</Filter>
    </ClInclude>
    <ClInclude Include="Math\ComputeNormals.h">
      <Filter>Math</Filter>
    </ClInclude>
    <ClInclude Include="Math\ComputeTangentFrame.h">
      <Filter>Math</Filter>
    </ClInclude>
    <ClInclude Include="Rendering\SkyModel.h">
      <Filter>Rendering</Filter>
    </ClInclude>
    <ClInclude Include="Rendering\Terrain.h">
      <Filter>Rendering</Filter>
    </ClInclude>
    <ClInclude Include="Rendering\ParticleRenderer.h">
      <Filter>Rendering</Filter>
    </ClInclude>
    <ClInclude Include="Rendering\Picker.h">
      <Filter>Rendering</Filter>
    </ClInclude>
    <ClInclude Include="Rendering\SceneViewport.h">
      <Filter>Rendering</Filter>
    </ClInclude>
    <ClInclude Include="Rendering\ShaderManager.h">
      <Filter>Rendering</Filter>
    </ClInclude>
    <ClInclude Include="Graphics\GfxBuffer.h">
      <Filter>Graphics</Filter>
    </ClInclude>
    <ClInclude Include="Graphics\GfxResourceCommon.h">
      <Filter>Graphics</Filter>
    </ClInclude>
    <ClInclude Include="Graphics\GfxTexture.h">
      <Filter>Graphics</Filter>
    </ClInclude>
    <ClInclude Include="..\ThirdParty\FontAwesome\IconsFontAwesome4.h">
      <Filter>External\Font</Filter>
    </ClInclude>
    <ClInclude Include="pch.h" />
    <ClInclude Include="..\ThirdParty\ImGui\ImGui\imconfig.h">
      <Filter>External\ImGui</Filter>
    </ClInclude>
    <ClInclude Include="..\ThirdParty\ImGui\ImGui\imgui.h">
      <Filter>External\ImGui</Filter>
    </ClInclude>
    <ClInclude Include="..\ThirdParty\ImGui\ImGui\imgui_impl_dx11.h">
      <Filter>External\ImGui</Filter>
    </ClInclude>
    <ClInclude Include="..\ThirdParty\ImGui\ImGui\imgui_impl_win32.h">
      <Filter>External\ImGui</Filter>
    </ClInclude>
    <ClInclude Include="..\ThirdParty\ImGui\ImGui\imgui_internal.h">
      <Filter>External\ImGui</Filter>
    </ClInclude>
    <ClInclude Include="..\ThirdParty\ImGui\ImGui\ImGuizmo.h">
      <Filter>External\ImGui</Filter>
    </ClInclude>
    <ClInclude Include="..\ThirdParty\ImGui\ImGui\imstb_rectpack.h">
      <Filter>External\ImGui</Filter>
    </ClInclude>
    <ClInclude Include="..\ThirdParty\ImGui\ImGui\imstb_textedit.h">
      <Filter>External\ImGui</Filter>
    </ClInclude>
    <ClInclude Include="..\ThirdParty\ImGui\ImGui\imstb_truetype.h">
      <Filter>External\ImGui</Filter>
    </ClInclude>
    <ClInclude Include="Rendering\TextureManager.h">
      <Filter>Rendering</Filter>
    </ClInclude>
    <ClInclude Include="Graphics\GfxFormat.h">
      <Filter>Graphics</Filter>
    </ClInclude>
    <ClInclude Include="..\ThirdParty\gfx-external\WICTextureLoader.h">
      <Filter>External\TextureLoaders</Filter>
    </ClInclude>
    <ClInclude Include="..\ThirdParty\gfx-external\DDSTextureLoader.h">
      <Filter>External\TextureLoaders</Filter>
    </ClInclude>
    <ClInclude Include="Graphics\GfxDefines.h">
      <Filter>Graphics</Filter>
    </ClInclude>
    <ClInclude Include="..\ThirdParty\SimpleMath\SimpleMath.h">
      <Filter>External\SimpleMath</Filter>
    </ClInclude>
    <ClInclude Include="Math\MathTypes.h">
      <Filter>Math</Filter>
    </ClInclude>
    <ClInclude Include="Graphics\GfxStates.h">
      <Filter>Graphics</Filter>
    </ClInclude>
    <ClInclude Include="Graphics\GfxCommandContext.h">
      <Filter>Graphics</Filter>
    </ClInclude>
    <ClInclude Include="Graphics\GfxView.h">
      <Filter>Graphics</Filter>
    </ClInclude>
    <ClInclude Include="Graphics\GfxQuery.h">
      <Filter>Graphics</Filter>
    </ClInclude>
    <ClInclude Include="Graphics\GfxInputLayout.h">
      <Filter>Graphics</Filter>
    </ClInclude>
    <ClInclude Include="Graphics\GfxProfiler.h">
      <Filter>Graphics</Filter>
    </ClInclude>
    <ClInclude Include="Graphics\GfxScopedAnnotation.h">
      <Filter>Graphics</Filter>
    </ClInclude>
    <ClInclude Include="Graphics\GfxRenderPass.h">
      <Filter>Graphics</Filter>
    </ClInclude>
    <ClInclude Include="Graphics\GfxConstantBuffer.h">
      <Filter>Graphics</Filter>
    </ClInclude>
    <ClInclude Include="Graphics\GfxShaderProgram.h">
      <Filter>Graphics</Filter>
    </ClInclude>
    <ClInclude Include="Graphics\GfxShaderCompiler.h">
      <Filter>Graphics</Filter>
    </ClInclude>
    <ClInclude Include="Math\Halton.h">
      <Filter>Math</Filter>
    </ClInclude>
    <ClInclude Include="Core\Input.h">
      <Filter>Core</Filter>
    </ClInclude>
    <ClInclude Include="Core\Logger.h">
      <Filter>Core</Filter>
    </ClInclude>
    <ClInclude Include="Utilities\AllocatorUtil.h">
      <Filter>Utilities</Filter>
    </ClInclude>
    <ClInclude Include="Utilities\AutoRefCountPtr.h">
      <Filter>Utilities</Filter>
    </ClInclude>
    <ClInclude Include="Utilities\CLIParser.h">
      <Filter>Utilities</Filter>
    </ClInclude>
    <ClInclude Include="Utilities\ConcurrentQueue.h">
      <Filter>Utilities</Filter>
    </ClInclude>
    <ClInclude Include="Utilities\Delegate.h">
      <Filter>Utilities</Filter>
    </ClInclude>
    <ClInclude Include="Utilities\EnumUtil.h">
      <Filter>Utilities</Filter>
    </ClInclude>
    <ClInclude Include="Utilities\FilesUtil.h">
      <Filter>Utilities</Filter>
    </ClInclude>
    <ClInclude Include="Utilities\FileWatcher.h">
      <Filter>Utilities</Filter>
    </ClInclude>
    <ClInclude Include="Utilities\HashMap.h">
      <Filter>Utilities</Filter>
    </ClInclude>
    <ClInclude Include="Utilities\HashSet.h">
      <Filter>Utilities</Filter>
    </ClInclude>
    <ClInclude Include="Utilities\HashUtil.h">
      <Filter>Utilities</Filter>
    </ClInclude>
    <ClInclude Include="Utilities\Heightmap.h">
      <Filter>Utilities</Filter>
    </ClInclude>
    <ClInclude Include="Utilities\HosekDataRGB.h">
      <Filter>Utilities</Filter>
    </ClInclude>
    <ClInclude Include="Utilities\Image.h">
      <Filter>Utilities</Filter>
    </ClInclude>
    <ClInclude Include="Utilities\JsonUtil.h">
      <Filter>Utilities</Filter>
    </ClInclude>
    <ClInclude Include="Utilities\LinearAllocator.h">
      <Filter>Utilities</Filter>
    </ClInclude>
    <ClInclude Include="Utilities\MemoryDebugger.h">
      <Filter>Utilities</Filter>
    </ClInclude>
    <ClInclude Include="Utilities\Random.h">
      <Filter>Utilities</Filter>
    </ClInclude>
    <ClInclude Include="Utilities\RingAllocator.h">
      <Filter>Utilities</Filter>
    </ClInclude>
    <ClInclude Include="Utilities\RingBuffer.h">
      <Filter>Utilities</Filter>
    </ClInclude>
    <ClInclude Include="Utilities\Singleton.h">
      <Filter>Utilities</Filter>
    </ClInclude>
    <ClInclude Include="Utilities\StringUtil.h">
      <Filter>Utilities</Filter>
    </ClInclude>
    <ClInclude Include="Utilities\TemplatesUtil.h">
      <Filter>Utilities</Filter>
    </ClInclude>
    <ClInclude Include="Utilities\ThreadPool.h">
      <Filter>Utilities</Filter>
    </ClInclude>
    <ClInclude Include="Utilities\Timer.h">
      <Filter>Utilities</Filter>
    </ClInclude>
    <ClInclude Include="Editor\EditorLogger.h">
      <Filter>Editor</Filter>
    </ClInclude>
  </ItemGroup>
  <ItemGroup>
    <ResourceCompile Include="Adria.rc">
      <Filter>Resource Files</Filter>
    </ResourceCompile>
  </ItemGroup>
  <ItemGroup>
    <Image Include="Resources\Icons\adria_logo.ico">
      <Filter>Resource Files</Filter>
    </Image>
  </ItemGroup>
  <ItemGroup>
    <None Include="Resources\Shaders\Util\DitherUtil.hlsli">
      <Filter>Shaders\Util</Filter>
    </None>
    <None Include="Resources\Shaders\Util\LightUtil.hlsli">
      <Filter>Shaders\Util</Filter>
    </None>
    <None Include="Resources\Shaders\Util\ShadowUtil.hlsli">
      <Filter>Shaders\Util</Filter>
    </None>
    <None Include="Resources\Shaders\Util\ToneMapUtil.hlsli">
      <Filter>Shaders\Util</Filter>
    </None>
    <None Include="Resources\Shaders\Util\VoxelUtil.hlsli">
      <Filter>Shaders\Util</Filter>
    </None>
    <None Include="scene.json" />
    <None Include="..\README.md" />
    <None Include="..\ThirdParty\SimpleMath\SimpleMath.inl">
      <Filter>External\SimpleMath</Filter>
    </None>
    <None Include="Graphics\GfxShader.h">
      <Filter>Graphics</Filter>
    </None>
    <None Include="Resources\Shaders\CommonData.hlsli">
      <Filter>Shaders</Filter>
    </None>
    <None Include="Resources\Shaders\Common.hlsli">
      <Filter>Shaders</Filter>
    </None>
    <None Include="Resources\Shaders\Constants.hlsli">
      <Filter>Shaders</Filter>
    </None>
    <None Include="Resources\Shaders\Particles\ParticleUtil.hlsli">
      <Filter>Shaders\Particles</Filter>
    </None>
  </ItemGroup>
  <ItemGroup>
    <FxCompile Include="Resources\Shaders\Misc\Skybox.hlsl">
      <Filter>Shaders\Misc</Filter>
    </FxCompile>
    <FxCompile Include="Resources\Shaders\Postprocess\FXAA.hlsl">
      <Filter>Shaders\Postprocess</Filter>
    </FxCompile>
    <FxCompile Include="Resources\Shaders\Postprocess\VolumetricLighting_Directional.hlsl">
      <Filter>Shaders\Postprocess</Filter>
    </FxCompile>
    <FxCompile Include="Resources\Shaders\Postprocess\VolumetricLighting_Point.hlsl">
      <Filter>Shaders\Postprocess</Filter>
    </FxCompile>
    <FxCompile Include="Resources\Shaders\Postprocess\VolumetricLighting_Spot.hlsl">
      <Filter>Shaders\Postprocess</Filter>
    </FxCompile>
    <FxCompile Include="Resources\Shaders\Postprocess\VolumetricLighting_Cascades.hlsl">
      <Filter>Shaders\Postprocess</Filter>
    </FxCompile>
    <FxCompile Include="Resources\Shaders\Postprocess\SSR.hlsl">
      <Filter>Shaders\Postprocess</Filter>
    </FxCompile>
    <FxCompile Include="Resources\Shaders\Postprocess\BloomExtract.hlsl">
      <Filter>Shaders\Postprocess</Filter>
    </FxCompile>
    <FxCompile Include="Resources\Shaders\Postprocess\AddTextures.hlsl">
      <Filter>Shaders\Postprocess</Filter>
    </FxCompile>
    <FxCompile Include="Resources\Shaders\Misc\Billboard.hlsl">
      <Filter>Shaders\Misc</Filter>
    </FxCompile>
    <FxCompile Include="Resources\Shaders\Misc\Solid.hlsl">
      <Filter>Shaders\Misc</Filter>
    </FxCompile>
    <FxCompile Include="Resources\Shaders\Misc\Texture.hlsl">
      <Filter>Shaders\Misc</Filter>
    </FxCompile>
    <FxCompile Include="Resources\Shaders\Misc\Sun.hlsl">
      <Filter>Shaders\Misc</Filter>
    </FxCompile>
    <FxCompile Include="Resources\Shaders\Postprocess\MotionBlur.hlsl">
      <Filter>Shaders\Postprocess</Filter>
    </FxCompile>
    <FxCompile Include="Resources\Shaders\Postprocess\BloomCombine.hlsl">
      <Filter>Shaders\Postprocess</Filter>
    </FxCompile>
    <FxCompile Include="Resources\Shaders\Postprocess\MotionVectors.hlsl">
      <Filter>Shaders\Postprocess</Filter>
    </FxCompile>
    <FxCompile Include="Resources\Shaders\Misc\HosekWilkieSky.hlsl">
      <Filter>Shaders\Misc</Filter>
    </FxCompile>
    <FxCompile Include="Resources\Shaders\Misc\UniformSky.hlsl">
      <Filter>Shaders\Misc</Filter>
    </FxCompile>
    <FxCompile Include="Resources\Shaders\Misc\Picker.hlsl">
      <Filter>Shaders\Misc</Filter>
    </FxCompile>
    <FxCompile Include="Resources\Shaders\Postprocess\LensFlare.hlsl">
      <Filter>Shaders\Postprocess</Filter>
    </FxCompile>
    <FxCompile Include="Resources\Shaders\Postprocess\GodRays.hlsl">
      <Filter>Shaders\Postprocess</Filter>
    </FxCompile>
    <FxCompile Include="Resources\Shaders\Postprocess\HBAO.hlsl">
      <Filter>Shaders\Postprocess</Filter>
    </FxCompile>
    <FxCompile Include="Resources\Shaders\Postprocess\FullscreenQuad.hlsl">
      <Filter>Shaders\Postprocess</Filter>
    </FxCompile>
    <FxCompile Include="Resources\Shaders\Postprocess\Fog.hlsl">
      <Filter>Shaders\Postprocess</Filter>
    </FxCompile>
    <FxCompile Include="Resources\Shaders\Postprocess\DepthOfField.hlsl">
      <Filter>Shaders\Postprocess</Filter>
    </FxCompile>
    <FxCompile Include="Resources\Shaders\Postprocess\CopyTexture.hlsl">
      <Filter>Shaders\Postprocess</Filter>
    </FxCompile>
    <FxCompile Include="Resources\Shaders\Postprocess\BokehGeneration.hlsl">
      <Filter>Shaders\Postprocess</Filter>
    </FxCompile>
    <FxCompile Include="Resources\Shaders\Postprocess\Blur.hlsl">
      <Filter>Shaders\Postprocess</Filter>
    </FxCompile>
    <FxCompile Include="Resources\Shaders\Postprocess\Bokeh.hlsl">
      <Filter>Shaders\Postprocess</Filter>
    </FxCompile>
    <FxCompile Include="Resources\Shaders\Postprocess\SSAO.hlsl">
      <Filter>Shaders\Postprocess</Filter>
    </FxCompile>
    <FxCompile Include="Resources\Shaders\Postprocess\ToneMap.hlsl">
      <Filter>Shaders\Postprocess</Filter>
    </FxCompile>
    <FxCompile Include="Resources\Shaders\Postprocess\VolumetricClouds.hlsl">
      <Filter>Shaders\Postprocess</Filter>
    </FxCompile>
    <FxCompile Include="Resources\Shaders\Misc\Shadow.hlsl">
      <Filter>Shaders\Misc</Filter>
    </FxCompile>
    <FxCompile Include="Resources\Shaders\Postprocess\TAA.hlsl">
      <Filter>Shaders\Postprocess</Filter>
    </FxCompile>
    <FxCompile Include="Resources\Shaders\GBuffer\Decal.hlsl">
      <Filter>Shaders\GBuffer</Filter>
    </FxCompile>
    <FxCompile Include="Resources\Shaders\GBuffer\Foliage.hlsl">
      <Filter>Shaders\GBuffer</Filter>
    </FxCompile>
    <FxCompile Include="Resources\Shaders\GBuffer\GBuffer.hlsl">
      <Filter>Shaders\GBuffer</Filter>
    </FxCompile>
    <FxCompile Include="Resources\Shaders\GBuffer\Terrain.hlsl">
      <Filter>Shaders\GBuffer</Filter>
    </FxCompile>
    <FxCompile Include="Resources\Shaders\Lighting\Ambient.hlsl">
      <Filter>Shaders\Lighting</Filter>
    </FxCompile>
    <FxCompile Include="Resources\Shaders\Lighting\DeferredLighting.hlsl">
      <Filter>Shaders\Lighting</Filter>
    </FxCompile>
    <FxCompile Include="Resources\Shaders\Lighting\IrmapCS.hlsl">
      <Filter>Shaders\Lighting\IBL</Filter>
    </FxCompile>
    <FxCompile Include="Resources\Shaders\Lighting\Equirect2cubeCS.hlsl">
      <Filter>Shaders\Lighting\IBL</Filter>
    </FxCompile>
    <FxCompile Include="Resources\Shaders\Lighting\SpbrdfCS.hlsl">
      <Filter>Shaders\Lighting\IBL</Filter>
    </FxCompile>
    <FxCompile Include="Resources\Shaders\Lighting\SpmapCS.hlsl">
      <Filter>Shaders\Lighting\IBL</Filter>
    </FxCompile>
    <FxCompile Include="Resources\Shaders\Lighting\ClusterBuilding.hlsl">
      <Filter>Shaders\Lighting</Filter>
    </FxCompile>
    <FxCompile Include="Resources\Shaders\Lighting\ClusterCulling.hlsl">
      <Filter>Shaders\Lighting</Filter>
    </FxCompile>
    <FxCompile Include="Resources\Shaders\Lighting\ClusterLighting.hlsl">
      <Filter>Shaders\Lighting</Filter>
    </FxCompile>
    <FxCompile Include="Resources\Shaders\Lighting\TiledLighting.hlsl">
      <Filter>Shaders\Lighting</Filter>
    </FxCompile>
    <FxCompile Include="Resources\Shaders\Ocean\Spectrum.hlsl">
      <Filter>Shaders\Ocean</Filter>
    </FxCompile>
    <FxCompile Include="Resources\Shaders\Ocean\Ocean.hlsl">
      <Filter>Shaders\Ocean</Filter>
    </FxCompile>
    <FxCompile Include="Resources\Shaders\Ocean\OceanLod.hlsl">
      <Filter>Shaders\Ocean</Filter>
    </FxCompile>
    <FxCompile Include="Resources\Shaders\Ocean\NormalMap.hlsl">
      <Filter>Shaders\Ocean</Filter>
    </FxCompile>
    <FxCompile Include="Resources\Shaders\Ocean\InitialSpectrum.hlsl">
      <Filter>Shaders\Ocean</Filter>
    </FxCompile>
    <FxCompile Include="Resources\Shaders\Ocean\FFT_Vertical.hlsl">
      <Filter>Shaders\Ocean</Filter>
    </FxCompile>
    <FxCompile Include="Resources\Shaders\Ocean\FFT_Horizontal.hlsl">
      <Filter>Shaders\Ocean</Filter>
    </FxCompile>
    <FxCompile Include="Resources\Shaders\Particles\ParticleSimulate.hlsl">
      <Filter>Shaders\Particles</Filter>
    </FxCompile>
    <FxCompile Include="Resources\Shaders\Particles\ParticleReset.hlsl">
      <Filter>Shaders\Particles</Filter>
    </FxCompile>
    <FxCompile Include="Resources\Shaders\Particles\ParticleEmit.hlsl">
      <Filter>Shaders\Particles</Filter>
    </FxCompile>
    <FxCompile Include="Resources\Shaders\Particles\Particle.hlsl">
      <Filter>Shaders\Particles</Filter>
    </FxCompile>
    <FxCompile Include="Resources\Shaders\Ocean\Phase.hlsl">
      <Filter>Shaders\Ocean</Filter>
    </FxCompile>
    <FxCompile Include="Resources\Shaders\Particles\BitonicSortStep.hlsl">
      <Filter>Shaders\Particles</Filter>
    </FxCompile>
    <FxCompile Include="Resources\Shaders\Particles\InitDeadList.hlsl">
      <Filter>Shaders\Particles</Filter>
    </FxCompile>
    <FxCompile Include="Resources\Shaders\Particles\InitSortDispatchArgs.hlsl">
      <Filter>Shaders\Particles</Filter>
    </FxCompile>
    <FxCompile Include="Resources\Shaders\Particles\Sort512.hlsl">
      <Filter>Shaders\Particles</Filter>
    </FxCompile>
    <FxCompile Include="Resources\Shaders\Particles\SortInner512.hlsl">
      <Filter>Shaders\Particles</Filter>
    </FxCompile>
    <FxCompile Include="Resources\Shaders\Postprocess\FilmEffects.hlsl">
      <Filter>Shaders\Postprocess</Filter>
    </FxCompile>
  </ItemGroup>
</Project>